
Microsoft Visual Studio Solution File, Format Version 12.00
# Visual Studio Version 16
VisualStudioVersion = 16.0.31624.102
MinimumVisualStudioVersion = 10.0.40219.1
Project("{8BC9CEB8-8B4A-11D0-8D11-00A0C91BC942}") = "Lab 3", "Lab 3\Lab 3.vcxproj", "{6EE685E0-0771-44E1-AED6-C64560985BED}"
EndProject
Global
	GlobalSection(SolutionConfigurationPlatforms) = preSolution
		Debug|x64 = Debug|x64
		Debug|x86 = Debug|x86
		Release|x64 = Release|x64
		Release|x86 = Release|x86
	EndGlobalSection
	GlobalSection(ProjectConfigurationPlatforms) = postSolution
		{6EE685E0-0771-44E1-AED6-C64560985BED}.Debug|x64.ActiveCfg = Debug|x64
		{6EE685E0-0771-44E1-AED6-C64560985BED}.Debug|x64.Build.0 = Debug|x64
		{6EE685E0-0771-44E1-AED6-C64560985BED}.Debug|x86.ActiveCfg = Debug|Win32
		{6EE685E0-0771-44E1-AED6-C64560985BED}.Debug|x86.Build.0 = Debug|Win32
		{6EE685E0-0771-44E1-AED6-C64560985BED}.Release|x64.ActiveCfg = Release|x64
		{6EE685E0-0771-44E1-AED6-C64560985BED}.Release|x64.Build.0 = Release|x64
		{6EE685E0-0771-44E1-AED6-C64560985BED}.Release|x86.ActiveCfg = Release|Win32
		{6EE685E0-0771-44E1-AED6-C64560985BED}.Release|x86.Build.0 = Release|Win32
	EndGlobalSection
	GlobalSection(SolutionProperties) = preSolution
		HideSolutionNode = FALSE
	EndGlobalSection
	GlobalSection(ExtensibilityGlobals) = postSolution
		SolutionGuid = {6FD6910A-11D5-4AB1-A1B1-A43E99ED196F}
	EndGlobalSection
EndGlobal
